
Microsoft Visual Studio Solution File, Format Version 12.00
# Visual Studio Version 17
VisualStudioVersion = 17.3.32922.545
MinimumVisualStudioVersion = 10.0.40219.1
Project("{FAE04EC0-301F-11D3-BF4B-00C04F79EFBC}") = "ClassControl", "ClassControl\ClassControl.csproj", "{516D4083-D385-462C-8902-F5167D34EE8D}"
EndProject
Global
	GlobalSection(SolutionConfigurationPlatforms) = preSolution
		Debug|Any CPU = Debug|Any CPU
		Release|Any CPU = Release|Any CPU
	EndGlobalSection
	GlobalSection(ProjectConfigurationPlatforms) = postSolution
		{516D4083-D385-462C-8902-F5167D34EE8D}.Debug|Any CPU.ActiveCfg = Debug|Any CPU
		{516D4083-D385-462C-8902-F5167D34EE8D}.Debug|Any CPU.Build.0 = Debug|Any CPU
		{516D4083-D385-462C-8902-F5167D34EE8D}.Release|Any CPU.ActiveCfg = Release|Any CPU
		{516D4083-D385-462C-8902-F5167D34EE8D}.Release|Any CPU.Build.0 = Release|Any CPU
	EndGlobalSection
	GlobalSection(SolutionProperties) = preSolution
		HideSolutionNode = FALSE
	EndGlobalSection
	GlobalSection(ExtensibilityGlobals) = postSolution
		SolutionGuid = {1581F68A-637D-4693-AC50-0812391080A9}
	EndGlobalSection
EndGlobal
